
Microsoft Visual Studio Solution File, Format Version 12.00
# Visual Studio 15
VisualStudioVersion = 15.0.28010.2041
MinimumVisualStudioVersion = 10.0.40219.1
Project("{2150E333-8FDC-42A3-9474-1A3956D46DE8}") = "0-Presentation", "0-Presentation", "{E5A2A4EE-EDB4-4F14-BCCF-1D1022D13A8E}"
EndProject
Project("{2150E333-8FDC-42A3-9474-1A3956D46DE8}") = "0.1Desktop", "0.1Desktop", "{80E4FDA9-E521-4759-AB65-6B780D6C23E2}"
EndProject
Project("{2150E333-8FDC-42A3-9474-1A3956D46DE8}") = "0.2-Web", "0.2-Web", "{3CD26747-988F-442B-93B1-396F675A1B4B}"
EndProject
Project("{2150E333-8FDC-42A3-9474-1A3956D46DE8}") = "1-Services", "1-Services", "{955B3E06-3C74-4275-B6B1-EE9E0F915620}"
EndProject
Project("{FAE04EC0-301F-11D3-BF4B-00C04F79EFBC}") = "Fabrica.MVC", "Fabrica.MVC\Fabrica.MVC.csproj", "{1EBF2909-0D37-49E5-8122-A61445A5905E}"
EndProject
Project("{2150E333-8FDC-42A3-9474-1A3956D46DE8}") = "2-Application", "2-Application", "{4C3D6551-A63E-4345-8960-95C78A7CDAA3}"
EndProject
Project("{2150E333-8FDC-42A3-9474-1A3956D46DE8}") = "3-Domain", "3-Domain", "{D717BA8D-BBEB-45C7-944A-5C6647B676A8}"
EndProject
Project("{2150E333-8FDC-42A3-9474-1A3956D46DE8}") = "4-InfraData", "4-InfraData", "{D9067BC9-B209-4EB1-B0B1-3352384A54EA}"
EndProject
Project("{FAE04EC0-301F-11D3-BF4B-00C04F79EFBC}") = "Fabrica.Domain", "Fabrica.Domain\Fabrica.Domain.csproj", "{9DF0C9B3-CED8-473C-B631-E4D8036AA6F6}"
EndProject
Project("{2150E333-8FDC-42A3-9474-1A3956D46DE8}") = "4.1-Data", "4.1-Data", "{3A56CF51-527E-4536-95F2-5F0143E5A5EB}"
EndProject
Project("{2150E333-8FDC-42A3-9474-1A3956D46DE8}") = "4.2-CrossCutting", "4.2-CrossCutting", "{1F485A98-80DF-4A9F-B69E-A25676968F02}"
EndProject
Project("{FAE04EC0-301F-11D3-BF4B-00C04F79EFBC}") = "Fabruca.InfraData", "Fabruca.InfraData\Fabruca.InfraData.csproj", "{417782B1-6339-4C19-B112-DBD2EFA85AEC}"
EndProject
Global
	GlobalSection(SolutionConfigurationPlatforms) = preSolution
		Debug|Any CPU = Debug|Any CPU
		Release|Any CPU = Release|Any CPU
	EndGlobalSection
	GlobalSection(ProjectConfigurationPlatforms) = postSolution
		{1EBF2909-0D37-49E5-8122-A61445A5905E}.Debug|Any CPU.ActiveCfg = Debug|Any CPU
		{1EBF2909-0D37-49E5-8122-A61445A5905E}.Debug|Any CPU.Build.0 = Debug|Any CPU
		{1EBF2909-0D37-49E5-8122-A61445A5905E}.Release|Any CPU.ActiveCfg = Release|Any CPU
		{1EBF2909-0D37-49E5-8122-A61445A5905E}.Release|Any CPU.Build.0 = Release|Any CPU
		{9DF0C9B3-CED8-473C-B631-E4D8036AA6F6}.Debug|Any CPU.ActiveCfg = Debug|Any CPU
		{9DF0C9B3-CED8-473C-B631-E4D8036AA6F6}.Debug|Any CPU.Build.0 = Debug|Any CPU
		{9DF0C9B3-CED8-473C-B631-E4D8036AA6F6}.Release|Any CPU.ActiveCfg = Release|Any CPU
		{9DF0C9B3-CED8-473C-B631-E4D8036AA6F6}.Release|Any CPU.Build.0 = Release|Any CPU
		{417782B1-6339-4C19-B112-DBD2EFA85AEC}.Debug|Any CPU.ActiveCfg = Debug|Any CPU
		{417782B1-6339-4C19-B112-DBD2EFA85AEC}.Debug|Any CPU.Build.0 = Debug|Any CPU
		{417782B1-6339-4C19-B112-DBD2EFA85AEC}.Release|Any CPU.ActiveCfg = Release|Any CPU
		{417782B1-6339-4C19-B112-DBD2EFA85AEC}.Release|Any CPU.Build.0 = Release|Any CPU
	EndGlobalSection
	GlobalSection(SolutionProperties) = preSolution
		HideSolutionNode = FALSE
	EndGlobalSection
	GlobalSection(NestedProjects) = preSolution
		{80E4FDA9-E521-4759-AB65-6B780D6C23E2} = {E5A2A4EE-EDB4-4F14-BCCF-1D1022D13A8E}
		{3CD26747-988F-442B-93B1-396F675A1B4B} = {E5A2A4EE-EDB4-4F14-BCCF-1D1022D13A8E}
		{1EBF2909-0D37-49E5-8122-A61445A5905E} = {3CD26747-988F-442B-93B1-396F675A1B4B}
		{9DF0C9B3-CED8-473C-B631-E4D8036AA6F6} = {D717BA8D-BBEB-45C7-944A-5C6647B676A8}
		{3A56CF51-527E-4536-95F2-5F0143E5A5EB} = {D9067BC9-B209-4EB1-B0B1-3352384A54EA}
		{1F485A98-80DF-4A9F-B69E-A25676968F02} = {D9067BC9-B209-4EB1-B0B1-3352384A54EA}
		{417782B1-6339-4C19-B112-DBD2EFA85AEC} = {3A56CF51-527E-4536-95F2-5F0143E5A5EB}
	EndGlobalSection
	GlobalSection(ExtensibilityGlobals) = postSolution
		SolutionGuid = {A3AC22F5-27A8-49B8-9782-E1A9CCDB606B}
	EndGlobalSection
EndGlobal
